<?xml version="1.0" encoding="utf-8"?>
<Project ToolsVersion="14.0" xmlns="http://schemas.microsoft.com/developer/msbuild/2003">
  <ItemGroup>
    <Filter Include="Data">
      <UniqueIdentifier>{c34767d5-a404-4894-ad87-4d5de6b90e09}</UniqueIdentifier>
    </Filter>
    <Filter Include="Data\il2cpp_data\etc\mono">
      <UniqueIdentifier>{0e99172c-3493-4224-9411-8679f03914c1}</UniqueIdentifier>
    </Filter>
    <Filter Include="Data\il2cpp_data\etc\mono\2.0">
      <UniqueIdentifier>{0343e462-63b1-4b40-8eef-d804667ca3ec}</UniqueIdentifier>
    </Filter>
    <Filter Include="Data\il2cpp_data\etc\mono\2.0\Browsers">
      <UniqueIdentifier>{170bb6a8-142d-4fc7-b949-5517e6e5868f}</UniqueIdentifier>
    </Filter>
    <Filter Include="Data\il2cpp_data\etc\mono\4.0">
      <UniqueIdentifier>{0aa39fa1-2353-4cba-ae3d-89f75bdaf587}</UniqueIdentifier>
    </Filter>
    <Filter Include="Data\il2cpp_data\etc\mono\4.0\Browsers">
      <UniqueIdentifier>{5bd493b0-ef83-41b9-9c3d-3df7fda043a2}</UniqueIdentifier>
    </Filter>
    <Filter Include="Data\il2cpp_data\etc\mono\4.5">
      <UniqueIdentifier>{22a015ce-04ee-4a1c-9782-9e4220bcbcee}</UniqueIdentifier>
    </Filter>
    <Filter Include="Data\il2cpp_data\etc\mono\4.5\Browsers">
      <UniqueIdentifier>{b99a7236-1bfc-40ba-a32e-11fcc7050090}</UniqueIdentifier>
    </Filter>
    <Filter Include="Data\il2cpp_data\etc\mono\mconfig">
      <UniqueIdentifier>{64d172d9-24a9-41fc-a531-4442e5a6fbe2}</UniqueIdentifier>
    </Filter>
    <Filter Include="Data\il2cpp_data\Metadata">
      <UniqueIdentifier>{7cc40acb-3113-491d-bf28-d82e249b435a}</UniqueIdentifier>
    </Filter>
    <Filter Include="Data\il2cpp_data\Resources">
      <UniqueIdentifier>{0dd4cac4-903d-4cb2-8dc4-be69a7534f8e}</UniqueIdentifier>
    </Filter>
    <Filter Include="Data\Resources">
      <UniqueIdentifier>{fc80f6b4-2a79-4d03-a25d-c3acb3923288}</UniqueIdentifier>
    </Filter>
    <Filter Include="Data\UnitySubsystems\MicrosoftOpenXRPlugin">
      <UniqueIdentifier>{59e7bc38-6954-40a3-9224-7563667bb98f}</UniqueIdentifier>
    </Filter>
    <Filter Include="Data\UnitySubsystems\UnityOpenXR">
      <UniqueIdentifier>{90ab8df7-8845-4fe9-bee4-d2b19a2273e6}</UniqueIdentifier>
    </Filter>
    <Filter Include="Data\il2cpp_data\etc">
      <UniqueIdentifier>{22ea7d09-9ffc-4785-9396-082ad8ce7b63}</UniqueIdentifier>
    </Filter>
    <Filter Include="Data\il2cpp_data">
      <UniqueIdentifier>{9aadf2c6-0843-45b4-89e7-7cf9c166b5ad}</UniqueIdentifier>
    </Filter>
    <Filter Include="Data\UnitySubsystems">
      <UniqueIdentifier>{cf1986ea-3485-44e4-8ab8-d755331c2089}</UniqueIdentifier>
    </Filter>
    <Resource Include="$(MSBuildThisFileDirectory)Resource.res" />
    <None Include="$(MSBuildThisFileDirectory)StoreManifest.xml" />
    <ClCompile Include="$(MSBuildThisFileDirectory)UnityGenerated.cpp" />
    <ClInclude Include="$(MSBuildThisFileDirectory)UnityGenerated.h" />
    <None Include="$(MSBuildThisFileDirectory)Data\boot.config">
      <Filter>Data</Filter>
    </None>
    <None Include="$(MSBuildThisFileDirectory)Data\globalgamemanagers">
      <Filter>Data</Filter>
    </None>
    <None Include="$(MSBuildThisFileDirectory)Data\globalgamemanagers.assets">
      <Filter>Data</Filter>
    </None>
    <None Include="$(MSBuildThisFileDirectory)Data\level0">
      <Filter>Data</Filter>
    </None>
    <None Include="$(MSBuildThisFileDirectory)Data\level0.resS">
      <Filter>Data</Filter>
    </None>
    <None Include="$(MSBuildThisFileDirectory)Data\nativePlugins.txt">
      <Filter>Data</Filter>
    </None>
    <None Include="$(MSBuildThisFileDirectory)Data\resources.assets">
      <Filter>Data</Filter>
    </None>
    <None Include="$(MSBuildThisFileDirectory)Data\resources.assets.resS">
      <Filter>Data</Filter>
    </None>
    <None Include="$(MSBuildThisFileDirectory)Data\RuntimeInitializeOnLoads.json">
      <Filter>Data</Filter>
    </None>
    <None Include="$(MSBuildThisFileDirectory)Data\ScriptingAssemblies.json">
      <Filter>Data</Filter>
    </None>
    <None Include="$(MSBuildThisFileDirectory)Data\sharedassets0.assets">
      <Filter>Data</Filter>
    </None>
    <None Include="$(MSBuildThisFileDirectory)Data\sharedassets0.assets.resS">
      <Filter>Data</Filter>
    </None>
    <None Include="$(MSBuildThisFileDirectory)Data\sharedassets0.resource">
      <Filter>Data</Filter>
    </None>
    <None Include="$(MSBuildThisFileDirectory)Data\il2cpp_data\etc\mono\browscap.ini">
      <Filter>Data\il2cpp_data\etc\mono</Filter>
    </None>
    <None Include="$(MSBuildThisFileDirectory)Data\il2cpp_data\etc\mono\config">
      <Filter>Data\il2cpp_data\etc\mono</Filter>
    </None>
    <None Include="$(MSBuildThisFileDirectory)Data\il2cpp_data\etc\mono\2.0\DefaultWsdlHelpGenerator.aspx">
      <Filter>Data\il2cpp_data\etc\mono\2.0</Filter>
    </None>
    <None Include="$(MSBuildThisFileDirectory)Data\il2cpp_data\etc\mono\2.0\machine.config">
      <Filter>Data\il2cpp_data\etc\mono\2.0</Filter>
    </None>
    <None Include="$(MSBuildThisFileDirectory)Data\il2cpp_data\etc\mono\2.0\settings.map">
      <Filter>Data\il2cpp_data\etc\mono\2.0</Filter>
    </None>
    <None Include="$(MSBuildThisFileDirectory)Data\il2cpp_data\etc\mono\2.0\web.config">
      <Filter>Data\il2cpp_data\etc\mono\2.0</Filter>
    </None>
    <None Include="$(MSBuildThisFileDirectory)Data\il2cpp_data\etc\mono\2.0\Browsers\Compat.browser">
      <Filter>Data\il2cpp_data\etc\mono\2.0\Browsers</Filter>
    </None>
    <None Include="$(MSBuildThisFileDirectory)Data\il2cpp_data\etc\mono\4.0\DefaultWsdlHelpGenerator.aspx">
      <Filter>Data\il2cpp_data\etc\mono\4.0</Filter>
    </None>
    <None Include="$(MSBuildThisFileDirectory)Data\il2cpp_data\etc\mono\4.0\machine.config">
      <Filter>Data\il2cpp_data\etc\mono\4.0</Filter>
    </None>
    <None Include="$(MSBuildThisFileDirectory)Data\il2cpp_data\etc\mono\4.0\settings.map">
      <Filter>Data\il2cpp_data\etc\mono\4.0</Filter>
    </None>
    <None Include="$(MSBuildThisFileDirectory)Data\il2cpp_data\etc\mono\4.0\web.config">
      <Filter>Data\il2cpp_data\etc\mono\4.0</Filter>
    </None>
    <None Include="$(MSBuildThisFileDirectory)Data\il2cpp_data\etc\mono\4.0\Browsers\Compat.browser">
      <Filter>Data\il2cpp_data\etc\mono\4.0\Browsers</Filter>
    </None>
    <None Include="$(MSBuildThisFileDirectory)Data\il2cpp_data\etc\mono\4.5\DefaultWsdlHelpGenerator.aspx">
      <Filter>Data\il2cpp_data\etc\mono\4.5</Filter>
    </None>
    <None Include="$(MSBuildThisFileDirectory)Data\il2cpp_data\etc\mono\4.5\machine.config">
      <Filter>Data\il2cpp_data\etc\mono\4.5</Filter>
    </None>
    <None Include="$(MSBuildThisFileDirectory)Data\il2cpp_data\etc\mono\4.5\settings.map">
      <Filter>Data\il2cpp_data\etc\mono\4.5</Filter>
    </None>
    <None Include="$(MSBuildThisFileDirectory)Data\il2cpp_data\etc\mono\4.5\web.config">
      <Filter>Data\il2cpp_data\etc\mono\4.5</Filter>
    </None>
    <None Include="$(MSBuildThisFileDirectory)Data\il2cpp_data\etc\mono\4.5\Browsers\Compat.browser">
      <Filter>Data\il2cpp_data\etc\mono\4.5\Browsers</Filter>
    </None>
    <None Include="$(MSBuildThisFileDirectory)Data\il2cpp_data\etc\mono\mconfig\config.xml">
      <Filter>Data\il2cpp_data\etc\mono\mconfig</Filter>
    </None>
    <None Include="$(MSBuildThisFileDirectory)Data\il2cpp_data\Metadata\global-metadata.dat">
      <Filter>Data\il2cpp_data\Metadata</Filter>
    </None>
    <None Include="$(MSBuildThisFileDirectory)Data\il2cpp_data\Resources\I18N.CJK.dll-resources.dat">
      <Filter>Data\il2cpp_data\Resources</Filter>
    </None>
    <None Include="$(MSBuildThisFileDirectory)Data\il2cpp_data\Resources\mscorlib.dll-resources.dat">
      <Filter>Data\il2cpp_data\Resources</Filter>
    </None>
    <None Include="$(MSBuildThisFileDirectory)Data\Resources\unity default resources">
      <Filter>Data\Resources</Filter>
    </None>
    <None Include="$(MSBuildThisFileDirectory)Data\Resources\unity_builtin_extra">
      <Filter>Data\Resources</Filter>
    </None>
    <None Include="$(MSBuildThisFileDirectory)Data\UnitySubsystems\MicrosoftOpenXRPlugin\UnitySubsystemsManifest.json">
      <Filter>Data\UnitySubsystems\MicrosoftOpenXRPlugin</Filter>
    </None>
    <None Include="$(MSBuildThisFileDirectory)Data\UnitySubsystems\UnityOpenXR\UnitySubsystemsManifest.json">
      <Filter>Data\UnitySubsystems\UnityOpenXR</Filter>
    </None>
  </ItemGroup>
  <ItemGroup>
    <None Include="$(OutDir)GameAssembly.dll" />
    <None Include="$(OutDir)GameAssembly.pdb" />
    <None Include="$(UnityWSAPlayerDir)Players\UAP\il2cpp\$(PlatformTarget)\$(UnityPlayerConfiguration)\baselib.dll" />
    <None Include="$(UnityWSAPlayerDir)Players\UAP\il2cpp\$(PlatformTarget)\$(UnityPlayerConfiguration)\baselib_UAP_$(PlatformTarget)_$(UnityPlayerConfiguration)_il2cpp.pdb" />
  </ItemGroup>
</Project>